
Microsoft Visual Studio Solution File, Format Version 12.00
Project("{FAE04EC0-301F-11D3-BF4B-00C04F79EFBC}") = "GdscRecruitmentFrontend", "GdscRecruitmentFrontend\GdscRecruitmentFrontend.csproj", "{0EF459F3-6D1D-480F-AA3D-017D10287E4B}"
EndProject
Global
	GlobalSection(SolutionConfigurationPlatforms) = preSolution
		Debug|Any CPU = Debug|Any CPU
		Release|Any CPU = Release|Any CPU
	EndGlobalSection
	GlobalSection(ProjectConfigurationPlatforms) = postSolution
		{0EF459F3-6D1D-480F-AA3D-017D10287E4B}.Debug|Any CPU.ActiveCfg = Debug|Any CPU
		{0EF459F3-6D1D-480F-AA3D-017D10287E4B}.Debug|Any CPU.Build.0 = Debug|Any CPU
		{0EF459F3-6D1D-480F-AA3D-017D10287E4B}.Release|Any CPU.ActiveCfg = Release|Any CPU
		{0EF459F3-6D1D-480F-AA3D-017D10287E4B}.Release|Any CPU.Build.0 = Release|Any CPU
	EndGlobalSection
EndGlobal
